
Microsoft Visual Studio Solution File, Format Version 12.00
# Visual Studio Version 17
VisualStudioVersion = 17.11.35222.181
MinimumVisualStudioVersion = 10.0.40219.1
Project("{8BC9CEB8-8B4A-11D0-8D11-00A0C91BC942}") = "DSA_ASSIGNMENT_02", "DSA_ASSIGNMENT_02\DSA_ASSIGNMENT_02.vcxproj", "{4F45F2D2-3193-409A-BED8-A2AEFCBE4B80}"
EndProject
Global
	GlobalSection(SolutionConfigurationPlatforms) = preSolution
		Debug|x64 = Debug|x64
		Debug|x86 = Debug|x86
		Release|x64 = Release|x64
		Release|x86 = Release|x86
	EndGlobalSection
	GlobalSection(ProjectConfigurationPlatforms) = postSolution
		{4F45F2D2-3193-409A-BED8-A2AEFCBE4B80}.Debug|x64.ActiveCfg = Debug|x64
		{4F45F2D2-3193-409A-BED8-A2AEFCBE4B80}.Debug|x64.Build.0 = Debug|x64
		{4F45F2D2-3193-409A-BED8-A2AEFCBE4B80}.Debug|x86.ActiveCfg = Debug|Win32
		{4F45F2D2-3193-409A-BED8-A2AEFCBE4B80}.Debug|x86.Build.0 = Debug|Win32
		{4F45F2D2-3193-409A-BED8-A2AEFCBE4B80}.Release|x64.ActiveCfg = Release|x64
		{4F45F2D2-3193-409A-BED8-A2AEFCBE4B80}.Release|x64.Build.0 = Release|x64
		{4F45F2D2-3193-409A-BED8-A2AEFCBE4B80}.Release|x86.ActiveCfg = Release|Win32
		{4F45F2D2-3193-409A-BED8-A2AEFCBE4B80}.Release|x86.Build.0 = Release|Win32
	EndGlobalSection
	GlobalSection(SolutionProperties) = preSolution
		HideSolutionNode = FALSE
	EndGlobalSection
	GlobalSection(ExtensibilityGlobals) = postSolution
		SolutionGuid = {63439CAF-B299-4385-B65C-B8459FBF5A94}
	EndGlobalSection
EndGlobal
